
Microsoft Visual Studio Solution File, Format Version 10.00
# Visual Studio 2008
Project("{2150E333-8FDC-42A3-9474-1A3956D46DE8}") = "System", "System", "{57DD137E-110A-4E58-A39A-8CFF5957371C}"
EndProject
Project("{FAE04EC0-301F-11D3-BF4B-00C04F79EFBC}") = "KTibiaX", "System\KTibiaX\KTibiaX.csproj", "{68BF64D3-2916-4125-8834-83B46CDE7C88}"
EndProject
Project("{FAE04EC0-301F-11D3-BF4B-00C04F79EFBC}") = "KTibiaX.UI", "System\KTibiaX.UI\KTibiaX.UI.csproj", "{880C12EA-58AB-4CDF-906E-61951F94CDCC}"
EndProject
Project("{FAE04EC0-301F-11D3-BF4B-00C04F79EFBC}") = "KTibiaX.Core", "System\KTibiaX.Core\KTibiaX.Core.csproj", "{2B0C0770-CB5B-4BEA-B610-FE738F1D0A59}"
EndProject
Project("{2150E333-8FDC-42A3-9474-1A3956D46DE8}") = "Support", "Support", "{C1C4A741-5325-4713-99DD-79C156DF7AAD}"
EndProject
Project("{2150E333-8FDC-42A3-9474-1A3956D46DE8}") = "External", "External", "{2CEFFB8B-D08D-4C7F-A95D-A81F31815E17}"
EndProject
Project("{FAE04EC0-301F-11D3-BF4B-00C04F79EFBC}") = "Keyrox.Builder", "Scripting\Keyrox.Builder\Keyrox.Builder.csproj", "{22E337E2-1734-484E-8CB8-AEA1E41F135D}"
EndProject
Project("{FAE04EC0-301F-11D3-BF4B-00C04F79EFBC}") = "KTibiaX.IPChanger", "..\..\Launcher\KTibiaX.IPChanger\KTibiaX.IPChanger.csproj", "{FBEC6020-E656-4542-B84A-82697DBA712C}"
EndProject
Project("{FAE04EC0-301F-11D3-BF4B-00C04F79EFBC}") = "KTibiaX.IPChanger.Data", "..\..\Launcher\KTibiaX.IPChanger.Data\KTibiaX.IPChanger.Data.csproj", "{F33F16FF-9CD4-4906-AD7C-615C29DD2C31}"
EndProject
Project("{FAE04EC0-301F-11D3-BF4B-00C04F79EFBC}") = "Keyrox.Tibia", "Library\Tibia\Keyrox.Tibia.csproj", "{607F8CC1-1677-41E0-9906-3F12579AC817}"
EndProject
Project("{FAE04EC0-301F-11D3-BF4B-00C04F79EFBC}") = "Keyrox.Shared", "..\..\Keyrox\src\Keyrox.Shared\Keyrox.Shared.csproj", "{E60D87B4-FF44-4411-8E31-27B22BB35AA4}"
EndProject
Project("{FAE04EC0-301F-11D3-BF4B-00C04F79EFBC}") = "Keyrox.Infra", "..\..\Keyrox\src\Keyrox.Infra\Keyrox.Infra.csproj", "{E77336AF-D1DA-4EA1-B876-BE1CEC328B13}"
EndProject
Project("{FAE04EC0-301F-11D3-BF4B-00C04F79EFBC}") = "Keyrox.Scripting", "Scripting\Keyrox.Scripting\Keyrox.Scripting.csproj", "{BE8ED4A2-7019-4283-9649-6A355B184010}"
EndProject
Project("{2150E333-8FDC-42A3-9474-1A3956D46DE8}") = "Scripting", "Scripting", "{30D7FB66-B48E-4114-9758-EFD3607C041A}"
EndProject
Project("{FAE04EC0-301F-11D3-BF4B-00C04F79EFBC}") = "Keyrox.SyntaxBox", "Scripting\Keyrox.SyntaxBox\Keyrox.SyntaxBox.csproj", "{19EF75B2-B414-4EB0-9486-160FAF93E62C}"
EndProject
Global
	GlobalSection(SolutionConfigurationPlatforms) = preSolution
		Debug|Any CPU = Debug|Any CPU
		Debug|x86 = Debug|x86
		Release|Any CPU = Release|Any CPU
		Release|x86 = Release|x86
	EndGlobalSection
	GlobalSection(ProjectConfigurationPlatforms) = postSolution
		{68BF64D3-2916-4125-8834-83B46CDE7C88}.Debug|Any CPU.ActiveCfg = Debug|Any CPU
		{68BF64D3-2916-4125-8834-83B46CDE7C88}.Debug|Any CPU.Build.0 = Debug|Any CPU
		{68BF64D3-2916-4125-8834-83B46CDE7C88}.Debug|x86.ActiveCfg = Debug|Any CPU
		{68BF64D3-2916-4125-8834-83B46CDE7C88}.Release|Any CPU.ActiveCfg = Release|Any CPU
		{68BF64D3-2916-4125-8834-83B46CDE7C88}.Release|Any CPU.Build.0 = Release|Any CPU
		{68BF64D3-2916-4125-8834-83B46CDE7C88}.Release|x86.ActiveCfg = Release|Any CPU
		{880C12EA-58AB-4CDF-906E-61951F94CDCC}.Debug|Any CPU.ActiveCfg = Debug|Any CPU
		{880C12EA-58AB-4CDF-906E-61951F94CDCC}.Debug|Any CPU.Build.0 = Debug|Any CPU
		{880C12EA-58AB-4CDF-906E-61951F94CDCC}.Debug|x86.ActiveCfg = Debug|Any CPU
		{880C12EA-58AB-4CDF-906E-61951F94CDCC}.Release|Any CPU.ActiveCfg = Release|Any CPU
		{880C12EA-58AB-4CDF-906E-61951F94CDCC}.Release|Any CPU.Build.0 = Release|Any CPU
		{880C12EA-58AB-4CDF-906E-61951F94CDCC}.Release|x86.ActiveCfg = Release|Any CPU
		{2B0C0770-CB5B-4BEA-B610-FE738F1D0A59}.Debug|Any CPU.ActiveCfg = Debug|Any CPU
		{2B0C0770-CB5B-4BEA-B610-FE738F1D0A59}.Debug|Any CPU.Build.0 = Debug|Any CPU
		{2B0C0770-CB5B-4BEA-B610-FE738F1D0A59}.Debug|x86.ActiveCfg = Debug|Any CPU
		{2B0C0770-CB5B-4BEA-B610-FE738F1D0A59}.Release|Any CPU.ActiveCfg = Release|Any CPU
		{2B0C0770-CB5B-4BEA-B610-FE738F1D0A59}.Release|Any CPU.Build.0 = Release|Any CPU
		{2B0C0770-CB5B-4BEA-B610-FE738F1D0A59}.Release|x86.ActiveCfg = Release|Any CPU
		{22E337E2-1734-484E-8CB8-AEA1E41F135D}.Debug|Any CPU.ActiveCfg = Debug|Any CPU
		{22E337E2-1734-484E-8CB8-AEA1E41F135D}.Debug|Any CPU.Build.0 = Debug|Any CPU
		{22E337E2-1734-484E-8CB8-AEA1E41F135D}.Debug|x86.ActiveCfg = Debug|Any CPU
		{22E337E2-1734-484E-8CB8-AEA1E41F135D}.Release|Any CPU.ActiveCfg = Release|Any CPU
		{22E337E2-1734-484E-8CB8-AEA1E41F135D}.Release|Any CPU.Build.0 = Release|Any CPU
		{22E337E2-1734-484E-8CB8-AEA1E41F135D}.Release|x86.ActiveCfg = Release|Any CPU
		{FBEC6020-E656-4542-B84A-82697DBA712C}.Debug|Any CPU.ActiveCfg = Debug|Any CPU
		{FBEC6020-E656-4542-B84A-82697DBA712C}.Debug|Any CPU.Build.0 = Debug|Any CPU
		{FBEC6020-E656-4542-B84A-82697DBA712C}.Debug|x86.ActiveCfg = Debug|Any CPU
		{FBEC6020-E656-4542-B84A-82697DBA712C}.Release|Any CPU.ActiveCfg = Release|Any CPU
		{FBEC6020-E656-4542-B84A-82697DBA712C}.Release|Any CPU.Build.0 = Release|Any CPU
		{FBEC6020-E656-4542-B84A-82697DBA712C}.Release|x86.ActiveCfg = Release|Any CPU
		{F33F16FF-9CD4-4906-AD7C-615C29DD2C31}.Debug|Any CPU.ActiveCfg = Debug|Any CPU
		{F33F16FF-9CD4-4906-AD7C-615C29DD2C31}.Debug|Any CPU.Build.0 = Debug|Any CPU
		{F33F16FF-9CD4-4906-AD7C-615C29DD2C31}.Debug|x86.ActiveCfg = Debug|Any CPU
		{F33F16FF-9CD4-4906-AD7C-615C29DD2C31}.Release|Any CPU.ActiveCfg = Release|Any CPU
		{F33F16FF-9CD4-4906-AD7C-615C29DD2C31}.Release|Any CPU.Build.0 = Release|Any CPU
		{F33F16FF-9CD4-4906-AD7C-615C29DD2C31}.Release|x86.ActiveCfg = Release|Any CPU
		{607F8CC1-1677-41E0-9906-3F12579AC817}.Debug|Any CPU.ActiveCfg = Debug|Any CPU
		{607F8CC1-1677-41E0-9906-3F12579AC817}.Debug|Any CPU.Build.0 = Debug|Any CPU
		{607F8CC1-1677-41E0-9906-3F12579AC817}.Debug|x86.ActiveCfg = Debug|Any CPU
		{607F8CC1-1677-41E0-9906-3F12579AC817}.Release|Any CPU.ActiveCfg = Release|Any CPU
		{607F8CC1-1677-41E0-9906-3F12579AC817}.Release|Any CPU.Build.0 = Release|Any CPU
		{607F8CC1-1677-41E0-9906-3F12579AC817}.Release|x86.ActiveCfg = Release|Any CPU
		{E60D87B4-FF44-4411-8E31-27B22BB35AA4}.Debug|Any CPU.ActiveCfg = Debug|Any CPU
		{E60D87B4-FF44-4411-8E31-27B22BB35AA4}.Debug|Any CPU.Build.0 = Debug|Any CPU
		{E60D87B4-FF44-4411-8E31-27B22BB35AA4}.Debug|x86.ActiveCfg = Debug|Any CPU
		{E60D87B4-FF44-4411-8E31-27B22BB35AA4}.Release|Any CPU.ActiveCfg = Release|Any CPU
		{E60D87B4-FF44-4411-8E31-27B22BB35AA4}.Release|Any CPU.Build.0 = Release|Any CPU
		{E60D87B4-FF44-4411-8E31-27B22BB35AA4}.Release|x86.ActiveCfg = Release|Any CPU
		{E77336AF-D1DA-4EA1-B876-BE1CEC328B13}.Debug|Any CPU.ActiveCfg = Debug|Any CPU
		{E77336AF-D1DA-4EA1-B876-BE1CEC328B13}.Debug|Any CPU.Build.0 = Debug|Any CPU
		{E77336AF-D1DA-4EA1-B876-BE1CEC328B13}.Debug|x86.ActiveCfg = Debug|x86
		{E77336AF-D1DA-4EA1-B876-BE1CEC328B13}.Debug|x86.Build.0 = Debug|x86
		{E77336AF-D1DA-4EA1-B876-BE1CEC328B13}.Release|Any CPU.ActiveCfg = Release|Any CPU
		{E77336AF-D1DA-4EA1-B876-BE1CEC328B13}.Release|Any CPU.Build.0 = Release|Any CPU
		{E77336AF-D1DA-4EA1-B876-BE1CEC328B13}.Release|x86.ActiveCfg = Release|x86
		{E77336AF-D1DA-4EA1-B876-BE1CEC328B13}.Release|x86.Build.0 = Release|x86
		{BE8ED4A2-7019-4283-9649-6A355B184010}.Debug|Any CPU.ActiveCfg = Debug|Any CPU
		{BE8ED4A2-7019-4283-9649-6A355B184010}.Debug|Any CPU.Build.0 = Debug|Any CPU
		{BE8ED4A2-7019-4283-9649-6A355B184010}.Debug|x86.ActiveCfg = Debug|Any CPU
		{BE8ED4A2-7019-4283-9649-6A355B184010}.Release|Any CPU.ActiveCfg = Release|Any CPU
		{BE8ED4A2-7019-4283-9649-6A355B184010}.Release|Any CPU.Build.0 = Release|Any CPU
		{BE8ED4A2-7019-4283-9649-6A355B184010}.Release|x86.ActiveCfg = Release|Any CPU
		{19EF75B2-B414-4EB0-9486-160FAF93E62C}.Debug|Any CPU.ActiveCfg = Debug|Any CPU
		{19EF75B2-B414-4EB0-9486-160FAF93E62C}.Debug|Any CPU.Build.0 = Debug|Any CPU
		{19EF75B2-B414-4EB0-9486-160FAF93E62C}.Debug|x86.ActiveCfg = Debug|Any CPU
		{19EF75B2-B414-4EB0-9486-160FAF93E62C}.Release|Any CPU.ActiveCfg = Release|Any CPU
		{19EF75B2-B414-4EB0-9486-160FAF93E62C}.Release|Any CPU.Build.0 = Release|Any CPU
		{19EF75B2-B414-4EB0-9486-160FAF93E62C}.Release|x86.ActiveCfg = Release|Any CPU
	EndGlobalSection
	GlobalSection(SolutionProperties) = preSolution
		HideSolutionNode = FALSE
	EndGlobalSection
	GlobalSection(NestedProjects) = preSolution
		{68BF64D3-2916-4125-8834-83B46CDE7C88} = {57DD137E-110A-4E58-A39A-8CFF5957371C}
		{880C12EA-58AB-4CDF-906E-61951F94CDCC} = {57DD137E-110A-4E58-A39A-8CFF5957371C}
		{2B0C0770-CB5B-4BEA-B610-FE738F1D0A59} = {57DD137E-110A-4E58-A39A-8CFF5957371C}
		{607F8CC1-1677-41E0-9906-3F12579AC817} = {C1C4A741-5325-4713-99DD-79C156DF7AAD}
		{E60D87B4-FF44-4411-8E31-27B22BB35AA4} = {C1C4A741-5325-4713-99DD-79C156DF7AAD}
		{E77336AF-D1DA-4EA1-B876-BE1CEC328B13} = {C1C4A741-5325-4713-99DD-79C156DF7AAD}
		{FBEC6020-E656-4542-B84A-82697DBA712C} = {2CEFFB8B-D08D-4C7F-A95D-A81F31815E17}
		{F33F16FF-9CD4-4906-AD7C-615C29DD2C31} = {2CEFFB8B-D08D-4C7F-A95D-A81F31815E17}
		{22E337E2-1734-484E-8CB8-AEA1E41F135D} = {30D7FB66-B48E-4114-9758-EFD3607C041A}
		{BE8ED4A2-7019-4283-9649-6A355B184010} = {30D7FB66-B48E-4114-9758-EFD3607C041A}
		{19EF75B2-B414-4EB0-9486-160FAF93E62C} = {30D7FB66-B48E-4114-9758-EFD3607C041A}
	EndGlobalSection
EndGlobal
