
Microsoft Visual Studio Solution File, Format Version 10.00
# Visual Studio 2008
Project("{FAE04EC0-301F-11D3-BF4B-00C04F79EFBC}") = "Tibia.Client", "Tibia\Tibia.Client\Tibia.Client.csproj", "{1956C40B-A021-4DB3-B645-5EE0971D84CD}"
EndProject
Project("{FAE04EC0-301F-11D3-BF4B-00C04F79EFBC}") = "Tibia.Connection", "Tibia\Tibia.Connection\Tibia.Connection.csproj", "{D01AFD8E-BD6F-4950-9290-B060735003E1}"
EndProject
Project("{FAE04EC0-301F-11D3-BF4B-00C04F79EFBC}") = "Tibia.Features", "Tibia\Tibia.Features\Tibia.Features.csproj", "{A277971D-C183-4974-9404-10A9FE018292}"
EndProject
Project("{FAE04EC0-301F-11D3-BF4B-00C04F79EFBC}") = "Tibia.Memory", "Tibia\Tibia.Memory\Tibia.Memory.csproj", "{5BE7410D-4837-4592-AFC0-95568EDFDA69}"
EndProject
Project("{2150E333-8FDC-42A3-9474-1A3956D46DE8}") = "Support", "Support", "{D58421CD-4404-4CC1-8542-877993E60E10}"
EndProject
Project("{FAE04EC0-301F-11D3-BF4B-00C04F79EFBC}") = "Keyrox.Infra", "Support\Keyrox.Infra\Keyrox.Infra.csproj", "{E77336AF-D1DA-4EA1-B876-BE1CEC328B13}"
EndProject
Project("{FAE04EC0-301F-11D3-BF4B-00C04F79EFBC}") = "Keyrox.Shared", "Support\Keyrox.Shared\Keyrox.Shared.csproj", "{E60D87B4-FF44-4411-8E31-27B22BB35AA4}"
EndProject
Project("{2150E333-8FDC-42A3-9474-1A3956D46DE8}") = "Library", "Library", "{EDBC394A-DEB6-457A-9354-7EF65A899FA8}"
EndProject
Project("{2150E333-8FDC-42A3-9474-1A3956D46DE8}") = "System", "System", "{57DD137E-110A-4E58-A39A-8CFF5957371C}"
EndProject
Project("{FAE04EC0-301F-11D3-BF4B-00C04F79EFBC}") = "KTibiaX", "System\KTibiaX\KTibiaX.csproj", "{68BF64D3-2916-4125-8834-83B46CDE7C88}"
EndProject
Project("{FAE04EC0-301F-11D3-BF4B-00C04F79EFBC}") = "KTibiaX.UI", "System\KTibiaX.UI\KTibiaX.UI.csproj", "{880C12EA-58AB-4CDF-906E-61951F94CDCC}"
EndProject
Project("{FAE04EC0-301F-11D3-BF4B-00C04F79EFBC}") = "KTibiaX.Core", "System\KTibiaX.Core\KTibiaX.Core.csproj", "{2B0C0770-CB5B-4BEA-B610-FE738F1D0A59}"
EndProject
Project("{2150E333-8FDC-42A3-9474-1A3956D46DE8}") = "Launcher", "Launcher", "{1EAED808-A2F6-4180-AC9C-A715769C2E88}"
EndProject
Project("{FAE04EC0-301F-11D3-BF4B-00C04F79EFBC}") = "KTibiaX.IPChanger", "Launcher\KTibiaX.IPChanger\KTibiaX.IPChanger.csproj", "{FBEC6020-E656-4542-B84A-82697DBA712C}"
EndProject
Project("{FAE04EC0-301F-11D3-BF4B-00C04F79EFBC}") = "KTibiaX.IPChanger.Data", "Launcher\KTibiaX.IPChanger.Data\KTibiaX.IPChanger.Data.csproj", "{F33F16FF-9CD4-4906-AD7C-615C29DD2C31}"
EndProject
Project("{FAE04EC0-301F-11D3-BF4B-00C04F79EFBC}") = "Alsing.SyntaxBox.NET", "..\external\SyntaxBox\SyntaxBox\Alsing.SyntaxBox\Alsing.SyntaxBox.NET.csproj", "{19EF75B2-B414-4EB0-9486-160FAF93E62C}"
EndProject
Global
	GlobalSection(SolutionConfigurationPlatforms) = preSolution
		Debug|Any CPU = Debug|Any CPU
		Debug|x86 = Debug|x86
		Release|Any CPU = Release|Any CPU
		Release|x86 = Release|x86
	EndGlobalSection
	GlobalSection(ProjectConfigurationPlatforms) = postSolution
		{1956C40B-A021-4DB3-B645-5EE0971D84CD}.Debug|Any CPU.ActiveCfg = Debug|Any CPU
		{1956C40B-A021-4DB3-B645-5EE0971D84CD}.Debug|Any CPU.Build.0 = Debug|Any CPU
		{1956C40B-A021-4DB3-B645-5EE0971D84CD}.Debug|x86.ActiveCfg = Debug|x86
		{1956C40B-A021-4DB3-B645-5EE0971D84CD}.Debug|x86.Build.0 = Debug|x86
		{1956C40B-A021-4DB3-B645-5EE0971D84CD}.Release|Any CPU.ActiveCfg = Release|Any CPU
		{1956C40B-A021-4DB3-B645-5EE0971D84CD}.Release|Any CPU.Build.0 = Release|Any CPU
		{1956C40B-A021-4DB3-B645-5EE0971D84CD}.Release|x86.ActiveCfg = Release|x86
		{1956C40B-A021-4DB3-B645-5EE0971D84CD}.Release|x86.Build.0 = Release|x86
		{D01AFD8E-BD6F-4950-9290-B060735003E1}.Debug|Any CPU.ActiveCfg = Debug|Any CPU
		{D01AFD8E-BD6F-4950-9290-B060735003E1}.Debug|Any CPU.Build.0 = Debug|Any CPU
		{D01AFD8E-BD6F-4950-9290-B060735003E1}.Debug|x86.ActiveCfg = Debug|x86
		{D01AFD8E-BD6F-4950-9290-B060735003E1}.Debug|x86.Build.0 = Debug|x86
		{D01AFD8E-BD6F-4950-9290-B060735003E1}.Release|Any CPU.ActiveCfg = Release|Any CPU
		{D01AFD8E-BD6F-4950-9290-B060735003E1}.Release|Any CPU.Build.0 = Release|Any CPU
		{D01AFD8E-BD6F-4950-9290-B060735003E1}.Release|x86.ActiveCfg = Release|x86
		{D01AFD8E-BD6F-4950-9290-B060735003E1}.Release|x86.Build.0 = Release|x86
		{A277971D-C183-4974-9404-10A9FE018292}.Debug|Any CPU.ActiveCfg = Debug|Any CPU
		{A277971D-C183-4974-9404-10A9FE018292}.Debug|Any CPU.Build.0 = Debug|Any CPU
		{A277971D-C183-4974-9404-10A9FE018292}.Debug|x86.ActiveCfg = Debug|x86
		{A277971D-C183-4974-9404-10A9FE018292}.Debug|x86.Build.0 = Debug|x86
		{A277971D-C183-4974-9404-10A9FE018292}.Release|Any CPU.ActiveCfg = Release|Any CPU
		{A277971D-C183-4974-9404-10A9FE018292}.Release|Any CPU.Build.0 = Release|Any CPU
		{A277971D-C183-4974-9404-10A9FE018292}.Release|x86.ActiveCfg = Release|x86
		{A277971D-C183-4974-9404-10A9FE018292}.Release|x86.Build.0 = Release|x86
		{5BE7410D-4837-4592-AFC0-95568EDFDA69}.Debug|Any CPU.ActiveCfg = Debug|Any CPU
		{5BE7410D-4837-4592-AFC0-95568EDFDA69}.Debug|Any CPU.Build.0 = Debug|Any CPU
		{5BE7410D-4837-4592-AFC0-95568EDFDA69}.Debug|x86.ActiveCfg = Debug|x86
		{5BE7410D-4837-4592-AFC0-95568EDFDA69}.Debug|x86.Build.0 = Debug|x86
		{5BE7410D-4837-4592-AFC0-95568EDFDA69}.Release|Any CPU.ActiveCfg = Release|Any CPU
		{5BE7410D-4837-4592-AFC0-95568EDFDA69}.Release|Any CPU.Build.0 = Release|Any CPU
		{5BE7410D-4837-4592-AFC0-95568EDFDA69}.Release|x86.ActiveCfg = Release|x86
		{5BE7410D-4837-4592-AFC0-95568EDFDA69}.Release|x86.Build.0 = Release|x86
		{E77336AF-D1DA-4EA1-B876-BE1CEC328B13}.Debug|Any CPU.ActiveCfg = Debug|Any CPU
		{E77336AF-D1DA-4EA1-B876-BE1CEC328B13}.Debug|Any CPU.Build.0 = Debug|Any CPU
		{E77336AF-D1DA-4EA1-B876-BE1CEC328B13}.Debug|x86.ActiveCfg = Debug|x86
		{E77336AF-D1DA-4EA1-B876-BE1CEC328B13}.Debug|x86.Build.0 = Debug|x86
		{E77336AF-D1DA-4EA1-B876-BE1CEC328B13}.Release|Any CPU.ActiveCfg = Release|Any CPU
		{E77336AF-D1DA-4EA1-B876-BE1CEC328B13}.Release|Any CPU.Build.0 = Release|Any CPU
		{E77336AF-D1DA-4EA1-B876-BE1CEC328B13}.Release|x86.ActiveCfg = Release|x86
		{E77336AF-D1DA-4EA1-B876-BE1CEC328B13}.Release|x86.Build.0 = Release|x86
		{E60D87B4-FF44-4411-8E31-27B22BB35AA4}.Debug|Any CPU.ActiveCfg = Debug|Any CPU
		{E60D87B4-FF44-4411-8E31-27B22BB35AA4}.Debug|Any CPU.Build.0 = Debug|Any CPU
		{E60D87B4-FF44-4411-8E31-27B22BB35AA4}.Debug|x86.ActiveCfg = Debug|Any CPU
		{E60D87B4-FF44-4411-8E31-27B22BB35AA4}.Release|Any CPU.ActiveCfg = Release|Any CPU
		{E60D87B4-FF44-4411-8E31-27B22BB35AA4}.Release|Any CPU.Build.0 = Release|Any CPU
		{E60D87B4-FF44-4411-8E31-27B22BB35AA4}.Release|x86.ActiveCfg = Release|Any CPU
		{68BF64D3-2916-4125-8834-83B46CDE7C88}.Debug|Any CPU.ActiveCfg = Debug|Any CPU
		{68BF64D3-2916-4125-8834-83B46CDE7C88}.Debug|Any CPU.Build.0 = Debug|Any CPU
		{68BF64D3-2916-4125-8834-83B46CDE7C88}.Debug|x86.ActiveCfg = Debug|Any CPU
		{68BF64D3-2916-4125-8834-83B46CDE7C88}.Release|Any CPU.ActiveCfg = Release|Any CPU
		{68BF64D3-2916-4125-8834-83B46CDE7C88}.Release|Any CPU.Build.0 = Release|Any CPU
		{68BF64D3-2916-4125-8834-83B46CDE7C88}.Release|x86.ActiveCfg = Release|Any CPU
		{880C12EA-58AB-4CDF-906E-61951F94CDCC}.Debug|Any CPU.ActiveCfg = Debug|Any CPU
		{880C12EA-58AB-4CDF-906E-61951F94CDCC}.Debug|Any CPU.Build.0 = Debug|Any CPU
		{880C12EA-58AB-4CDF-906E-61951F94CDCC}.Debug|x86.ActiveCfg = Debug|Any CPU
		{880C12EA-58AB-4CDF-906E-61951F94CDCC}.Release|Any CPU.ActiveCfg = Release|Any CPU
		{880C12EA-58AB-4CDF-906E-61951F94CDCC}.Release|Any CPU.Build.0 = Release|Any CPU
		{880C12EA-58AB-4CDF-906E-61951F94CDCC}.Release|x86.ActiveCfg = Release|Any CPU
		{2B0C0770-CB5B-4BEA-B610-FE738F1D0A59}.Debug|Any CPU.ActiveCfg = Debug|Any CPU
		{2B0C0770-CB5B-4BEA-B610-FE738F1D0A59}.Debug|Any CPU.Build.0 = Debug|Any CPU
		{2B0C0770-CB5B-4BEA-B610-FE738F1D0A59}.Debug|x86.ActiveCfg = Debug|Any CPU
		{2B0C0770-CB5B-4BEA-B610-FE738F1D0A59}.Release|Any CPU.ActiveCfg = Release|Any CPU
		{2B0C0770-CB5B-4BEA-B610-FE738F1D0A59}.Release|Any CPU.Build.0 = Release|Any CPU
		{2B0C0770-CB5B-4BEA-B610-FE738F1D0A59}.Release|x86.ActiveCfg = Release|Any CPU
		{FBEC6020-E656-4542-B84A-82697DBA712C}.Debug|Any CPU.ActiveCfg = Debug|Any CPU
		{FBEC6020-E656-4542-B84A-82697DBA712C}.Debug|Any CPU.Build.0 = Debug|Any CPU
		{FBEC6020-E656-4542-B84A-82697DBA712C}.Debug|x86.ActiveCfg = Debug|Any CPU
		{FBEC6020-E656-4542-B84A-82697DBA712C}.Release|Any CPU.ActiveCfg = Release|Any CPU
		{FBEC6020-E656-4542-B84A-82697DBA712C}.Release|Any CPU.Build.0 = Release|Any CPU
		{FBEC6020-E656-4542-B84A-82697DBA712C}.Release|x86.ActiveCfg = Release|Any CPU
		{F33F16FF-9CD4-4906-AD7C-615C29DD2C31}.Debug|Any CPU.ActiveCfg = Debug|Any CPU
		{F33F16FF-9CD4-4906-AD7C-615C29DD2C31}.Debug|Any CPU.Build.0 = Debug|Any CPU
		{F33F16FF-9CD4-4906-AD7C-615C29DD2C31}.Debug|x86.ActiveCfg = Debug|Any CPU
		{F33F16FF-9CD4-4906-AD7C-615C29DD2C31}.Release|Any CPU.ActiveCfg = Release|Any CPU
		{F33F16FF-9CD4-4906-AD7C-615C29DD2C31}.Release|Any CPU.Build.0 = Release|Any CPU
		{F33F16FF-9CD4-4906-AD7C-615C29DD2C31}.Release|x86.ActiveCfg = Release|Any CPU
		{19EF75B2-B414-4EB0-9486-160FAF93E62C}.Debug|Any CPU.ActiveCfg = Debug|Any CPU
		{19EF75B2-B414-4EB0-9486-160FAF93E62C}.Debug|Any CPU.Build.0 = Debug|Any CPU
		{19EF75B2-B414-4EB0-9486-160FAF93E62C}.Debug|x86.ActiveCfg = Debug|Any CPU
		{19EF75B2-B414-4EB0-9486-160FAF93E62C}.Release|Any CPU.ActiveCfg = Release|Any CPU
		{19EF75B2-B414-4EB0-9486-160FAF93E62C}.Release|Any CPU.Build.0 = Release|Any CPU
		{19EF75B2-B414-4EB0-9486-160FAF93E62C}.Release|x86.ActiveCfg = Release|Any CPU
	EndGlobalSection
	GlobalSection(SolutionProperties) = preSolution
		HideSolutionNode = FALSE
	EndGlobalSection
	GlobalSection(NestedProjects) = preSolution
		{D01AFD8E-BD6F-4950-9290-B060735003E1} = {EDBC394A-DEB6-457A-9354-7EF65A899FA8}
		{A277971D-C183-4974-9404-10A9FE018292} = {EDBC394A-DEB6-457A-9354-7EF65A899FA8}
		{5BE7410D-4837-4592-AFC0-95568EDFDA69} = {EDBC394A-DEB6-457A-9354-7EF65A899FA8}
		{1956C40B-A021-4DB3-B645-5EE0971D84CD} = {EDBC394A-DEB6-457A-9354-7EF65A899FA8}
		{E77336AF-D1DA-4EA1-B876-BE1CEC328B13} = {D58421CD-4404-4CC1-8542-877993E60E10}
		{E60D87B4-FF44-4411-8E31-27B22BB35AA4} = {D58421CD-4404-4CC1-8542-877993E60E10}
		{19EF75B2-B414-4EB0-9486-160FAF93E62C} = {D58421CD-4404-4CC1-8542-877993E60E10}
		{68BF64D3-2916-4125-8834-83B46CDE7C88} = {57DD137E-110A-4E58-A39A-8CFF5957371C}
		{880C12EA-58AB-4CDF-906E-61951F94CDCC} = {57DD137E-110A-4E58-A39A-8CFF5957371C}
		{2B0C0770-CB5B-4BEA-B610-FE738F1D0A59} = {57DD137E-110A-4E58-A39A-8CFF5957371C}
		{FBEC6020-E656-4542-B84A-82697DBA712C} = {1EAED808-A2F6-4180-AC9C-A715769C2E88}
		{F33F16FF-9CD4-4906-AD7C-615C29DD2C31} = {1EAED808-A2F6-4180-AC9C-A715769C2E88}
	EndGlobalSection
EndGlobal
