
Microsoft Visual Studio Solution File, Format Version 10.00
# Visual Studio 2008
Project("{FAE04EC0-301F-11D3-BF4B-00C04F79EFBC}") = "KTibiaX", "KTibiaX.csproj", "{68BF64D3-2916-4125-8834-83B46CDE7C88}"
EndProject
Global
	GlobalSection(SolutionConfigurationPlatforms) = preSolution
		Debug|Any CPU = Debug|Any CPU
		Release|Any CPU = Release|Any CPU
	EndGlobalSection
	GlobalSection(ProjectConfigurationPlatforms) = postSolution
		{68BF64D3-2916-4125-8834-83B46CDE7C88}.Debug|Any CPU.ActiveCfg = Debug|Any CPU
		{68BF64D3-2916-4125-8834-83B46CDE7C88}.Debug|Any CPU.Build.0 = Debug|Any CPU
		{68BF64D3-2916-4125-8834-83B46CDE7C88}.Release|Any CPU.ActiveCfg = Release|Any CPU
		{68BF64D3-2916-4125-8834-83B46CDE7C88}.Release|Any CPU.Build.0 = Release|Any CPU
	EndGlobalSection
	GlobalSection(SolutionProperties) = preSolution
		HideSolutionNode = FALSE
	EndGlobalSection
EndGlobal
