
Microsoft Visual Studio Solution File, Format Version 10.00
# Visual Studio 2008
Project("{FAE04EC0-301F-11D3-BF4B-00C04F79EFBC}") = "Keyrox.Builder", "Keyrox.Builder.csproj", "{22E337E2-1734-484E-8CB8-AEA1E41F135D}"
EndProject
Global
	GlobalSection(SolutionConfigurationPlatforms) = preSolution
		Debug|Any CPU = Debug|Any CPU
		Release|Any CPU = Release|Any CPU
	EndGlobalSection
	GlobalSection(ProjectConfigurationPlatforms) = postSolution
		{22E337E2-1734-484E-8CB8-AEA1E41F135D}.Debug|Any CPU.ActiveCfg = Debug|Any CPU
		{22E337E2-1734-484E-8CB8-AEA1E41F135D}.Debug|Any CPU.Build.0 = Debug|Any CPU
		{22E337E2-1734-484E-8CB8-AEA1E41F135D}.Release|Any CPU.ActiveCfg = Release|Any CPU
		{22E337E2-1734-484E-8CB8-AEA1E41F135D}.Release|Any CPU.Build.0 = Release|Any CPU
	EndGlobalSection
	GlobalSection(SolutionProperties) = preSolution
		HideSolutionNode = FALSE
	EndGlobalSection
EndGlobal
